
Microsoft Visual Studio Solution File, Format Version 12.00
# Visual Studio Version 17
VisualStudioVersion = 17.13.35931.197 d17.13
MinimumVisualStudioVersion = 10.0.40219.1
Project("{FAE04EC0-301F-11D3-BF4B-00C04F79EFBC}") = "ComputerProgrammingPracticeCode4-15-2025", "ComputerProgrammingPracticeCode4-15-2025\ComputerProgrammingPracticeCode4-15-2025.csproj", "{AB3F8006-8861-423A-BF31-4CA523232A51}"
EndProject
Global
	GlobalSection(SolutionConfigurationPlatforms) = preSolution
		Debug|Any CPU = Debug|Any CPU
		Release|Any CPU = Release|Any CPU
	EndGlobalSection
	GlobalSection(ProjectConfigurationPlatforms) = postSolution
		{AB3F8006-8861-423A-BF31-4CA523232A51}.Debug|Any CPU.ActiveCfg = Debug|Any CPU
		{AB3F8006-8861-423A-BF31-4CA523232A51}.Debug|Any CPU.Build.0 = Debug|Any CPU
		{AB3F8006-8861-423A-BF31-4CA523232A51}.Release|Any CPU.ActiveCfg = Release|Any CPU
		{AB3F8006-8861-423A-BF31-4CA523232A51}.Release|Any CPU.Build.0 = Release|Any CPU
	EndGlobalSection
	GlobalSection(SolutionProperties) = preSolution
		HideSolutionNode = FALSE
	EndGlobalSection
	GlobalSection(ExtensibilityGlobals) = postSolution
		SolutionGuid = {472305C6-76B5-41B5-92F6-AE46F4020121}
	EndGlobalSection
EndGlobal
